
Microsoft Visual Studio Solution File, Format Version 12.00
# Visual Studio 15
Project("{FAE04EC0-301F-11D3-BF4B-00C04F79EFBC}") = "Assembly-CSharp", "Assembly-CSharp.csproj", "{A36E4CB0-54A4-DDE9-797F-A48AB0C7B539}"
EndProject
Global
	GlobalSection(SolutionConfigurationPlatforms) = preSolution
		Debug|Any CPU = Debug|Any CPU
		Release|Any CPU = Release|Any CPU
	EndGlobalSection
	GlobalSection(ProjectConfigurationPlatforms) = postSolution
		{A36E4CB0-54A4-DDE9-797F-A48AB0C7B539}.Debug|Any CPU.ActiveCfg = Debug|Any CPU
		{A36E4CB0-54A4-DDE9-797F-A48AB0C7B539}.Debug|Any CPU.Build.0 = Debug|Any CPU
		{A36E4CB0-54A4-DDE9-797F-A48AB0C7B539}.Release|Any CPU.ActiveCfg = Release|Any CPU
		{A36E4CB0-54A4-DDE9-797F-A48AB0C7B539}.Release|Any CPU.Build.0 = Release|Any CPU
	EndGlobalSection
	GlobalSection(SolutionProperties) = preSolution
		HideSolutionNode = FALSE
	EndGlobalSection
EndGlobal
